
Microsoft Visual Studio Solution File, Format Version 12.00
# Visual Studio Version 17
VisualStudioVersion = 17.0.31903.59
MinimumVisualStudioVersion = 10.0.40219.1
Project("{9A19103F-16F7-4668-BE54-9A1E7A4F7556}") = "ChatApi", "src\ChatApi\ChatApi.csproj", "{2D8E9F3A-1B4C-4E6A-9F1D-AAAA00000001}"
EndProject
Project("{9A19103F-16F7-4668-BE54-9A1E7A4F7556}") = "ChatClient", "src\ChatClient\ChatClient.csproj", "{2D8E9F3A-1B4C-4E6A-9F1D-AAAA00000002}"
EndProject
Project("{9A19103F-16F7-4668-BE54-9A1E7A4F7556}") = "ChatApi.Tests", "tests\ChatApi.Tests\ChatApi.Tests.csproj", "{2D8E9F3A-1B4C-4E6A-9F1D-AAAA00000003}"
EndProject
Global
	GlobalSection(SolutionConfigurationPlatforms) = preSolution
		Debug|Any CPU = Debug|Any CPU
		Release|Any CPU = Release|Any CPU
	EndGlobalSection
	GlobalSection(ProjectConfigurationPlatforms) = postSolution
		{2D8E9F3A-1B4C-4E6A-9F1D-AAAA00000001}.Debug|Any CPU.ActiveCfg = Debug|Any CPU
		{2D8E9F3A-1B4C-4E6A-9F1D-AAAA00000001}.Debug|Any CPU.Build.0 = Debug|Any CPU
		{2D8E9F3A-1B4C-4E6A-9F1D-AAAA00000001}.Release|Any CPU.ActiveCfg = Release|Any CPU
		{2D8E9F3A-1B4C-4E6A-9F1D-AAAA00000001}.Release|Any CPU.Build.0 = Release|Any CPU
		{2D8E9F3A-1B4C-4E6A-9F1D-AAAA00000002}.Debug|Any CPU.ActiveCfg = Debug|Any CPU
		{2D8E9F3A-1B4C-4E6A-9F1D-AAAA00000002}.Debug|Any CPU.Build.0 = Debug|Any CPU
		{2D8E9F3A-1B4C-4E6A-9F1D-AAAA00000002}.Release|Any CPU.ActiveCfg = Release|Any CPU
		{2D8E9F3A-1B4C-4E6A-9F1D-AAAA00000002}.Release|Any CPU.Build.0 = Release|Any CPU
		{2D8E9F3A-1B4C-4E6A-9F1D-AAAA00000003}.Debug|Any CPU.ActiveCfg = Debug|Any CPU
		{2D8E9F3A-1B4C-4E6A-9F1D-AAAA00000003}.Debug|Any CPU.Build.0 = Debug|Any CPU
		{2D8E9F3A-1B4C-4E6A-9F1D-AAAA00000003}.Release|Any CPU.ActiveCfg = Release|Any CPU
		{2D8E9F3A-1B4C-4E6A-9F1D-AAAA00000003}.Release|Any CPU.Build.0 = Release|Any CPU
	EndGlobalSection
	GlobalSection(SolutionProperties) = preSolution
		HideSolutionNode = FALSE
	EndGlobalSection
EndGlobal
